// !$*UTF8*$!
{
	archiveVersion = 1;
	classes = {
	};
	objectVersion = 56;
	objects = {

/* Begin PBXBuildFile section */
		40FDA6112A42C8A500C0C45F /* Assets.xcassets in Resources */ = {isa = PBXBuildFile; fileRef = 40FDA5FF2A42C8A500C0C45F /* Assets.xcassets */; };
		40FDA6122A42C8A500C0C45F /* DataStore.swift in Sources */ = {isa = PBXBuildFile; fileRef = 40FDA6012A42C8A500C0C45F /* DataStore.swift */; };
		40FDA6132A42C8A500C0C45F /* TinyImage.swift in Sources */ = {isa = PBXBuildFile; fileRef = 40FDA6022A42C8A500C0C45F /* TinyImage.swift */; };
		40FDA6142A42C8A500C0C45F /* SettingsStore.swift in Sources */ = {isa = PBXBuildFile; fileRef = 40FDA6032A42C8A500C0C45F /* SettingsStore.swift */; };
		40FDA6152A42C8A500C0C45F /* Preview Assets.xcassets in Resources */ = {isa = PBXBuildFile; fileRef = 40FDA6052A42C8A500C0C45F /* Preview Assets.xcassets */; };
		40FDA6162A42C8A500C0C45F /* TinifimgApp.swift in Sources */ = {isa = PBXBuildFile; fileRef = 40FDA6072A42C8A500C0C45F /* TinifimgApp.swift */; };
		40FDA6172A42C8A500C0C45F /* SettingsView.swift in Sources */ = {isa = PBXBuildFile; fileRef = 40FDA6092A42C8A500C0C45F /* SettingsView.swift */; };
		40FDA6182A42C8A500C0C45F /* ColumnViews.swift in Sources */ = {isa = PBXBuildFile; fileRef = 40FDA60A2A42C8A500C0C45F /* ColumnViews.swift */; };
		40FDA6192A42C8A500C0C45F /* NoImageView.swift in Sources */ = {isa = PBXBuildFile; fileRef = 40FDA60B2A42C8A500C0C45F /* NoImageView.swift */; };
		40FDA61A2A42C8A500C0C45F /* TableView.swift in Sources */ = {isa = PBXBuildFile; fileRef = 40FDA60C2A42C8A500C0C45F /* TableView.swift */; };
		40FDA61B2A42C8A500C0C45F /* ContentView.swift in Sources */ = {isa = PBXBuildFile; fileRef = 40FDA60D2A42C8A500C0C45F /* ContentView.swift */; };
		40FDA61C2A42C8A500C0C45F /* InputAPIView.swift in Sources */ = {isa = PBXBuildFile; fileRef = 40FDA60E2A42C8A500C0C45F /* InputAPIView.swift */; };
		40FDA61D2A42C8A500C0C45F /* Info.plist in Resources */ = {isa = PBXBuildFile; fileRef = 40FDA60F2A42C8A500C0C45F /* Info.plist */; };
		40FDA61E2A42C8A500C0C45F /* ImageProcesser.swift in Sources */ = {isa = PBXBuildFile; fileRef = 40FDA6102A42C8A500C0C45F /* ImageProcesser.swift */; };
/* End PBXBuildFile section */

/* Begin PBXFileReference section */
		403000132A25E7E0001DE935 /* Tinifimg.app */ = {isa = PBXFileReference; explicitFileType = wrapper.application; includeInIndex = 0; path = Tinifimg.app; sourceTree = BUILT_PRODUCTS_DIR; };
		40FDA5FF2A42C8A500C0C45F /* Assets.xcassets */ = {isa = PBXFileReference; lastKnownFileType = folder.assetcatalog; path = Assets.xcassets; sourceTree = "<group>"; };
		40FDA6012A42C8A500C0C45F /* DataStore.swift */ = {isa = PBXFileReference; fileEncoding = 4; lastKnownFileType = sourcecode.swift; path = DataStore.swift; sourceTree = "<group>"; };
		40FDA6022A42C8A500C0C45F /* TinyImage.swift */ = {isa = PBXFileReference; fileEncoding = 4; lastKnownFileType = sourcecode.swift; path = TinyImage.swift; sourceTree = "<group>"; };
		40FDA6032A42C8A500C0C45F /* SettingsStore.swift */ = {isa = PBXFileReference; fileEncoding = 4; lastKnownFileType = sourcecode.swift; path = SettingsStore.swift; sourceTree = "<group>"; };
		40FDA6052A42C8A500C0C45F /* Preview Assets.xcassets */ = {isa = PBXFileReference; lastKnownFileType = folder.assetcatalog; path = "Preview Assets.xcassets"; sourceTree = "<group>"; };
		40FDA6062A42C8A500C0C45F /* Tinifimg.entitlements */ = {isa = PBXFileReference; fileEncoding = 4; lastKnownFileType = text.plist.entitlements; path = Tinifimg.entitlements; sourceTree = "<group>"; };
		40FDA6072A42C8A500C0C45F /* TinifimgApp.swift */ = {isa = PBXFileReference; fileEncoding = 4; lastKnownFileType = sourcecode.swift; path = TinifimgApp.swift; sourceTree = "<group>"; };
		40FDA6092A42C8A500C0C45F /* SettingsView.swift */ = {isa = PBXFileReference; fileEncoding = 4; lastKnownFileType = sourcecode.swift; path = SettingsView.swift; sourceTree = "<group>"; };
		40FDA60A2A42C8A500C0C45F /* ColumnViews.swift */ = {isa = PBXFileReference; fileEncoding = 4; lastKnownFileType = sourcecode.swift; path = ColumnViews.swift; sourceTree = "<group>"; };
		40FDA60B2A42C8A500C0C45F /* NoImageView.swift */ = {isa = PBXFileReference; fileEncoding = 4; lastKnownFileType = sourcecode.swift; path = NoImageView.swift; sourceTree = "<group>"; };
		40FDA60C2A42C8A500C0C45F /* TableView.swift */ = {isa = PBXFileReference; fileEncoding = 4; lastKnownFileType = sourcecode.swift; path = TableView.swift; sourceTree = "<group>"; };
		40FDA60D2A42C8A500C0C45F /* ContentView.swift */ = {isa = PBXFileReference; fileEncoding = 4; lastKnownFileType = sourcecode.swift; path = ContentView.swift; sourceTree = "<group>"; };
		40FDA60E2A42C8A500C0C45F /* InputAPIView.swift */ = {isa = PBXFileReference; fileEncoding = 4; lastKnownFileType = sourcecode.swift; path = InputAPIView.swift; sourceTree = "<group>"; };
		40FDA60F2A42C8A500C0C45F /* Info.plist */ = {isa = PBXFileReference; fileEncoding = 4; lastKnownFileType = text.plist.xml; path = Info.plist; sourceTree = "<group>"; };
		40FDA6102A42C8A500C0C45F /* ImageProcesser.swift */ = {isa = PBXFileReference; fileEncoding = 4; lastKnownFileType = sourcecode.swift; path = ImageProcesser.swift; sourceTree = "<group>"; };
/* End PBXFileReference section */

/* Begin PBXFrameworksBuildPhase section */
		403000102A25E7E0001DE935 /* Frameworks */ = {
			isa = PBXFrameworksBuildPhase;
			buildActionMask = 2147483647;
			files = (
			);
			runOnlyForDeploymentPostprocessing = 0;
		};
/* End PBXFrameworksBuildPhase section */

/* Begin PBXGroup section */
		4030000A2A25E7E0001DE935 = {
			isa = PBXGroup;
			children = (
				40FDA5FE2A42C8A500C0C45F /* Tinifimg */,
				403000142A25E7E0001DE935 /* Products */,
			);
			sourceTree = "<group>";
		};
		403000142A25E7E0001DE935 /* Products */ = {
			isa = PBXGroup;
			children = (
				403000132A25E7E0001DE935 /* Tinifimg.app */,
			);
			name = Products;
			sourceTree = "<group>";
		};
		40FDA5FE2A42C8A500C0C45F /* Tinifimg */ = {
			isa = PBXGroup;
			children = (
				40FDA5FF2A42C8A500C0C45F /* Assets.xcassets */,
				40FDA6002A42C8A500C0C45F /* Models */,
				40FDA6042A42C8A500C0C45F /* Preview Content */,
				40FDA6062A42C8A500C0C45F /* Tinifimg.entitlements */,
				40FDA6072A42C8A500C0C45F /* TinifimgApp.swift */,
				40FDA6082A42C8A500C0C45F /* Views */,
				40FDA60F2A42C8A500C0C45F /* Info.plist */,
				40FDA6102A42C8A500C0C45F /* ImageProcesser.swift */,
			);
			path = Tinifimg;
			sourceTree = "<group>";
		};
		40FDA6002A42C8A500C0C45F /* Models */ = {
			isa = PBXGroup;
			children = (
				40FDA6012A42C8A500C0C45F /* DataStore.swift */,
				40FDA6022A42C8A500C0C45F /* TinyImage.swift */,
				40FDA6032A42C8A500C0C45F /* SettingsStore.swift */,
			);
			path = Models;
			sourceTree = "<group>";
		};
		40FDA6042A42C8A500C0C45F /* Preview Content */ = {
			isa = PBXGroup;
			children = (
				40FDA6052A42C8A500C0C45F /* Preview Assets.xcassets */,
			);
			path = "Preview Content";
			sourceTree = "<group>";
		};
		40FDA6082A42C8A500C0C45F /* Views */ = {
			isa = PBXGroup;
			children = (
				40FDA6092A42C8A500C0C45F /* SettingsView.swift */,
				40FDA60A2A42C8A500C0C45F /* ColumnViews.swift */,
				40FDA60B2A42C8A500C0C45F /* NoImageView.swift */,
				40FDA60C2A42C8A500C0C45F /* TableView.swift */,
				40FDA60D2A42C8A500C0C45F /* ContentView.swift */,
				40FDA60E2A42C8A500C0C45F /* InputAPIView.swift */,
			);
			path = Views;
			sourceTree = "<group>";
		};
/* End PBXGroup section */

/* Begin PBXNativeTarget section */
		403000122A25E7E0001DE935 /* Tinifimg */ = {
			isa = PBXNativeTarget;
			buildConfigurationList = 403000222A25E7E2001DE935 /* Build configuration list for PBXNativeTarget "Tinifimg" */;
			buildPhases = (
				4030000F2A25E7E0001DE935 /* Sources */,
				403000102A25E7E0001DE935 /* Frameworks */,
				403000112A25E7E0001DE935 /* Resources */,
			);
			buildRules = (
			);
			dependencies = (
			);
			name = Tinifimg;
			productName = TinyPNG;
			productReference = 403000132A25E7E0001DE935 /* Tinifimg.app */;
			productType = "com.apple.product-type.application";
		};
/* End PBXNativeTarget section */

/* Begin PBXProject section */
		4030000B2A25E7E0001DE935 /* Project object */ = {
			isa = PBXProject;
			attributes = {
				BuildIndependentTargetsInParallel = 1;
				LastSwiftUpdateCheck = 1430;
				LastUpgradeCheck = 1430;
				TargetAttributes = {
					403000122A25E7E0001DE935 = {
						CreatedOnToolsVersion = 14.3;
					};
				};
			};
			buildConfigurationList = 4030000E2A25E7E0001DE935 /* Build configuration list for PBXProject "Tinifimg" */;
			compatibilityVersion = "Xcode 14.0";
			developmentRegion = en;
			hasScannedForEncodings = 0;
			knownRegions = (
				en,
				Base,
			);
			mainGroup = 4030000A2A25E7E0001DE935;
			productRefGroup = 403000142A25E7E0001DE935 /* Products */;
			projectDirPath = "";
			projectRoot = "";
			targets = (
				403000122A25E7E0001DE935 /* Tinifimg */,
			);
		};
/* End PBXProject section */

/* Begin PBXResourcesBuildPhase section */
		403000112A25E7E0001DE935 /* Resources */ = {
			isa = PBXResourcesBuildPhase;
			buildActionMask = 2147483647;
			files = (
				40FDA6152A42C8A500C0C45F /* Preview Assets.xcassets in Resources */,
				40FDA6112A42C8A500C0C45F /* Assets.xcassets in Resources */,
				40FDA61D2A42C8A500C0C45F /* Info.plist in Resources */,
			);
			runOnlyForDeploymentPostprocessing = 0;
		};
/* End PBXResourcesBuildPhase section */

/* Begin PBXSourcesBuildPhase section */
		4030000F2A25E7E0001DE935 /* Sources */ = {
			isa = PBXSourcesBuildPhase;
			buildActionMask = 2147483647;
			files = (
				40FDA6182A42C8A500C0C45F /* ColumnViews.swift in Sources */,
				40FDA6192A42C8A500C0C45F /* NoImageView.swift in Sources */,
				40FDA6172A42C8A500C0C45F /* SettingsView.swift in Sources */,
				40FDA6122A42C8A500C0C45F /* DataStore.swift in Sources */,
				40FDA61E2A42C8A500C0C45F /* ImageProcesser.swift in Sources */,
				40FDA6162A42C8A500C0C45F /* TinifimgApp.swift in Sources */,
				40FDA61B2A42C8A500C0C45F /* ContentView.swift in Sources */,
				40FDA61C2A42C8A500C0C45F /* InputAPIView.swift in Sources */,
				40FDA61A2A42C8A500C0C45F /* TableView.swift in Sources */,
				40FDA6142A42C8A500C0C45F /* SettingsStore.swift in Sources */,
				40FDA6132A42C8A500C0C45F /* TinyImage.swift in Sources */,
			);
			runOnlyForDeploymentPostprocessing = 0;
		};
/* End PBXSourcesBuildPhase section */

/* Begin XCBuildConfiguration section */
		403000202A25E7E2001DE935 /* Debug */ = {
			isa = XCBuildConfiguration;
			buildSettings = {
				ALWAYS_SEARCH_USER_PATHS = NO;
				CLANG_ANALYZER_NONNULL = YES;
				CLANG_ANALYZER_NUMBER_OBJECT_CONVERSION = YES_AGGRESSIVE;
				CLANG_CXX_LANGUAGE_STANDARD = "gnu++20";
				CLANG_ENABLE_MODULES = YES;
				CLANG_ENABLE_OBJC_ARC = YES;
				CLANG_ENABLE_OBJC_WEAK = YES;
				CLANG_WARN_BLOCK_CAPTURE_AUTORELEASING = YES;
				CLANG_WARN_BOOL_CONVERSION = YES;
				CLANG_WARN_COMMA = YES;
				CLANG_WARN_CONSTANT_CONVERSION = YES;
				CLANG_WARN_DEPRECATED_OBJC_IMPLEMENTATIONS = YES;
				CLANG_WARN_DIRECT_OBJC_ISA_USAGE = YES_ERROR;
				CLANG_WARN_DOCUMENTATION_COMMENTS = YES;
				CLANG_WARN_EMPTY_BODY = YES;
				CLANG_WARN_ENUM_CONVERSION = YES;
				CLANG_WARN_INFINITE_RECURSION = YES;
				CLANG_WARN_INT_CONVERSION = YES;
				CLANG_WARN_NON_LITERAL_NULL_CONVERSION = YES;
				CLANG_WARN_OBJC_IMPLICIT_RETAIN_SELF = YES;
				CLANG_WARN_OBJC_LITERAL_CONVERSION = YES;
				CLANG_WARN_OBJC_ROOT_CLASS = YES_ERROR;
				CLANG_WARN_QUOTED_INCLUDE_IN_FRAMEWORK_HEADER = YES;
				CLANG_WARN_RANGE_LOOP_ANALYSIS = YES;
				CLANG_WARN_STRICT_PROTOTYPES = YES;
				CLANG_WARN_SUSPICIOUS_MOVE = YES;
				CLANG_WARN_UNGUARDED_AVAILABILITY = YES_AGGRESSIVE;
				CLANG_WARN_UNREACHABLE_CODE = YES;
				CLANG_WARN__DUPLICATE_METHOD_MATCH = YES;
				COPY_PHASE_STRIP = NO;
				DEBUG_INFORMATION_FORMAT = dwarf;
				ENABLE_STRICT_OBJC_MSGSEND = YES;
				ENABLE_TESTABILITY = YES;
				GCC_C_LANGUAGE_STANDARD = gnu11;
				GCC_DYNAMIC_NO_PIC = NO;
				GCC_NO_COMMON_BLOCKS = YES;
				GCC_OPTIMIZATION_LEVEL = 0;
				GCC_PREPROCESSOR_DEFINITIONS = (
					"DEBUG=1",
					"$(inherited)",
				);
				GCC_WARN_64_TO_32_BIT_CONVERSION = YES;
				GCC_WARN_ABOUT_RETURN_TYPE = YES_ERROR;
				GCC_WARN_UNDECLARED_SELECTOR = YES;
				GCC_WARN_UNINITIALIZED_AUTOS = YES_AGGRESSIVE;
				GCC_WARN_UNUSED_FUNCTION = YES;
				GCC_WARN_UNUSED_VARIABLE = YES;
				MACOSX_DEPLOYMENT_TARGET = 13.3;
				MTL_ENABLE_DEBUG_INFO = INCLUDE_SOURCE;
				MTL_FAST_MATH = YES;
				ONLY_ACTIVE_ARCH = YES;
				SDKROOT = macosx;
				SWIFT_ACTIVE_COMPILATION_CONDITIONS = DEBUG;
				SWIFT_OPTIMIZATION_LEVEL = "-Onone";
			};
			name = Debug;
		};
		403000212A25E7E2001DE935 /* Release */ = {
			isa = XCBuildConfiguration;
			buildSettings = {
				ALWAYS_SEARCH_USER_PATHS = NO;
				CLANG_ANALYZER_NONNULL = YES;
				CLANG_ANALYZER_NUMBER_OBJECT_CONVERSION = YES_AGGRESSIVE;
				CLANG_CXX_LANGUAGE_STANDARD = "gnu++20";
				CLANG_ENABLE_MODULES = YES;
				CLANG_ENABLE_OBJC_ARC = YES;
				CLANG_ENABLE_OBJC_WEAK = YES;
				CLANG_WARN_BLOCK_CAPTURE_AUTORELEASING = YES;
				CLANG_WARN_BOOL_CONVERSION = YES;
				CLANG_WARN_COMMA = YES;
				CLANG_WARN_CONSTANT_CONVERSION = YES;
				CLANG_WARN_DEPRECATED_OBJC_IMPLEMENTATIONS = YES;
				CLANG_WARN_DIRECT_OBJC_ISA_USAGE = YES_ERROR;
				CLANG_WARN_DOCUMENTATION_COMMENTS = YES;
				CLANG_WARN_EMPTY_BODY = YES;
				CLANG_WARN_ENUM_CONVERSION = YES;
				CLANG_WARN_INFINITE_RECURSION = YES;
				CLANG_WARN_INT_CONVERSION = YES;
				CLANG_WARN_NON_LITERAL_NULL_CONVERSION = YES;
				CLANG_WARN_OBJC_IMPLICIT_RETAIN_SELF = YES;
				CLANG_WARN_OBJC_LITERAL_CONVERSION = YES;
				CLANG_WARN_OBJC_ROOT_CLASS = YES_ERROR;
				CLANG_WARN_QUOTED_INCLUDE_IN_FRAMEWORK_HEADER = YES;
				CLANG_WARN_RANGE_LOOP_ANALYSIS = YES;
				CLANG_WARN_STRICT_PROTOTYPES = YES;
				CLANG_WARN_SUSPICIOUS_MOVE = YES;
				CLANG_WARN_UNGUARDED_AVAILABILITY = YES_AGGRESSIVE;
				CLANG_WARN_UNREACHABLE_CODE = YES;
				CLANG_WARN__DUPLICATE_METHOD_MATCH = YES;
				COPY_PHASE_STRIP = NO;
				DEBUG_INFORMATION_FORMAT = "dwarf-with-dsym";
				ENABLE_NS_ASSERTIONS = NO;
				ENABLE_STRICT_OBJC_MSGSEND = YES;
				GCC_C_LANGUAGE_STANDARD = gnu11;
				GCC_NO_COMMON_BLOCKS = YES;
				GCC_WARN_64_TO_32_BIT_CONVERSION = YES;
				GCC_WARN_ABOUT_RETURN_TYPE = YES_ERROR;
				GCC_WARN_UNDECLARED_SELECTOR = YES;
				GCC_WARN_UNINITIALIZED_AUTOS = YES_AGGRESSIVE;
				GCC_WARN_UNUSED_FUNCTION = YES;
				GCC_WARN_UNUSED_VARIABLE = YES;
				MACOSX_DEPLOYMENT_TARGET = 13.3;
				MTL_ENABLE_DEBUG_INFO = NO;
				MTL_FAST_MATH = YES;
				SDKROOT = macosx;
				SWIFT_COMPILATION_MODE = wholemodule;
				SWIFT_OPTIMIZATION_LEVEL = "-O";
			};
			name = Release;
		};
		403000232A25E7E2001DE935 /* Debug */ = {
			isa = XCBuildConfiguration;
			buildSettings = {
				ASSETCATALOG_COMPILER_APPICON_NAME = AppIcon;
				ASSETCATALOG_COMPILER_GLOBAL_ACCENT_COLOR_NAME = AccentColor;
				CODE_SIGN_ENTITLEMENTS = Tinifimg/Tinifimg.entitlements;
				"CODE_SIGN_IDENTITY[sdk=macosx*]" = "Apple Development";
				CODE_SIGN_STYLE = Automatic;
				COMBINE_HIDPI_IMAGES = YES;
				CURRENT_PROJECT_VERSION = 1;
				DEVELOPMENT_ASSET_PATHS = "\"Tinifimg/Preview Content\"";
				DEVELOPMENT_TEAM = 89YHB42JY7;
				ENABLE_HARDENED_RUNTIME = YES;
				ENABLE_PREVIEWS = YES;
				GENERATE_INFOPLIST_FILE = YES;
				INFOPLIST_FILE = Tinifimg/Info.plist;
				INFOPLIST_KEY_LSApplicationCategoryType = "public.app-category.utilities";
				INFOPLIST_KEY_NSHumanReadableCopyright = "";
				LD_RUNPATH_SEARCH_PATHS = (
					"$(inherited)",
					"@executable_path/../Frameworks",
				);
				MACOSX_DEPLOYMENT_TARGET = 13.0;
				MARKETING_VERSION = 1.0;
				PRODUCT_BUNDLE_IDENTIFIER = cn.firestudio.Tinifimg;
				PRODUCT_NAME = "$(TARGET_NAME)";
				SWIFT_EMIT_LOC_STRINGS = YES;
				SWIFT_VERSION = 5.0;
			};
			name = Debug;
		};
		403000242A25E7E2001DE935 /* Release */ = {
			isa = XCBuildConfiguration;
			buildSettings = {
				ASSETCATALOG_COMPILER_APPICON_NAME = AppIcon;
				ASSETCATALOG_COMPILER_GLOBAL_ACCENT_COLOR_NAME = AccentColor;
				CODE_SIGN_ENTITLEMENTS = Tinifimg/Tinifimg.entitlements;
				"CODE_SIGN_IDENTITY[sdk=macosx*]" = "Apple Development";
				CODE_SIGN_STYLE = Automatic;
				COMBINE_HIDPI_IMAGES = YES;
				CURRENT_PROJECT_VERSION = 1;
				DEVELOPMENT_ASSET_PATHS = "\"Tinifimg/Preview Content\"";
				DEVELOPMENT_TEAM = 89YHB42JY7;
				ENABLE_HARDENED_RUNTIME = YES;
				ENABLE_PREVIEWS = YES;
				GENERATE_INFOPLIST_FILE = YES;
				INFOPLIST_FILE = Tinifimg/Info.plist;
				INFOPLIST_KEY_LSApplicationCategoryType = "public.app-category.utilities";
				INFOPLIST_KEY_NSHumanReadableCopyright = "";
				LD_RUNPATH_SEARCH_PATHS = (
					"$(inherited)",
					"@executable_path/../Frameworks",
				);
				MACOSX_DEPLOYMENT_TARGET = 13.0;
				MARKETING_VERSION = 1.0;
				PRODUCT_BUNDLE_IDENTIFIER = cn.firestudio.Tinifimg;
				PRODUCT_NAME = "$(TARGET_NAME)";
				SWIFT_EMIT_LOC_STRINGS = YES;
				SWIFT_VERSION = 5.0;
			};
			name = Release;
		};
/* End XCBuildConfiguration section */

/* Begin XCConfigurationList section */
		4030000E2A25E7E0001DE935 /* Build configuration list for PBXProject "Tinifimg" */ = {
			isa = XCConfigurationList;
			buildConfigurations = (
				403000202A25E7E2001DE935 /* Debug */,
				403000212A25E7E2001DE935 /* Release */,
			);
			defaultConfigurationIsVisible = 0;
			defaultConfigurationName = Release;
		};
		403000222A25E7E2001DE935 /* Build configuration list for PBXNativeTarget "Tinifimg" */ = {
			isa = XCConfigurationList;
			buildConfigurations = (
				403000232A25E7E2001DE935 /* Debug */,
				403000242A25E7E2001DE935 /* Release */,
			);
			defaultConfigurationIsVisible = 0;
			defaultConfigurationName = Release;
		};
/* End XCConfigurationList section */
	};
	rootObject = 4030000B2A25E7E0001DE935 /* Project object */;
}
